<?xml version="1.0" encoding="utf-8"?>
<Project ToolsVersion="4.0" xmlns="http://schemas.microsoft.com/developer/msbuild/2003">
  <ItemGroup>
    <Filter Include="ソース ファイル">
      <UniqueIdentifier>{4FC737F1-C7A5-4376-A066-2A32D752A2FF}</UniqueIdentifier>
      <Extensions>cpp;c;cc;cxx;c++;cppm;ixx;def;odl;idl;hpj;bat;asm;asmx</Extensions>
    </Filter>
    <Filter Include="ヘッダー ファイル">
      <UniqueIdentifier>{93995380-89BD-4b04-88EB-625FBE52EBFB}</UniqueIdentifier>
      <Extensions>h;hh;hpp;hxx;h++;hm;inl;inc;ipp;xsd</Extensions>
    </Filter>
    <Filter Include="リソース ファイル">
      <UniqueIdentifier>{67DA6AB6-F800-4c08-8B7A-83BB121AAD01}</UniqueIdentifier>
      <Extensions>rc;ico;cur;bmp;dlg;rc2;rct;bin;rgs;gif;jpg;jpeg;jpe;resx;tiff;tif;png;wav;mfcribbon-ms</Extensions>
    </Filter>
    <Filter Include="ソース ファイル\Engine">
      <UniqueIdentifier>{d35703d4-d55a-4a07-a1c2-d20b0fa8e247}</UniqueIdentifier>
    </Filter>
    <Filter Include="ソース ファイル\Engine\Core">
      <UniqueIdentifier>{b27408da-1158-4d3a-8ec0-7901b358b52b}</UniqueIdentifier>
    </Filter>
    <Filter Include="ソース ファイル\Engine\Resources">
      <UniqueIdentifier>{09be1fbc-4eba-43bc-8d65-eeeeb71536de}</UniqueIdentifier>
    </Filter>
    <Filter Include="ソース ファイル\Engine\Graphics">
      <UniqueIdentifier>{33801e23-98e3-47b3-abfb-412fea638772}</UniqueIdentifier>
    </Filter>
    <Filter Include="ヘッダー ファイル\Engine">
      <UniqueIdentifier>{dea18578-e8b2-4656-a982-853880825690}</UniqueIdentifier>
    </Filter>
    <Filter Include="ヘッダー ファイル\Engine\Core">
      <UniqueIdentifier>{da538d86-2839-489d-b5f7-df6a493e4047}</UniqueIdentifier>
    </Filter>
    <Filter Include="ヘッダー ファイル\Engine\Graphics">
      <UniqueIdentifier>{14e93b1d-2591-4a9e-bb7b-7ace9c67906d}</UniqueIdentifier>
    </Filter>
    <Filter Include="ヘッダー ファイル\Engine\Resources">
      <UniqueIdentifier>{da6316f6-378e-456b-b1ef-600fa954d4ee}</UniqueIdentifier>
    </Filter>
    <Filter Include="ヘッダー ファイル\ThirdParty">
      <UniqueIdentifier>{6be76dd5-b9d6-4b16-ae01-a0c047d79150}</UniqueIdentifier>
    </Filter>
    <Filter Include="ソース ファイル\ThirdParty">
      <UniqueIdentifier>{460d7cac-79bd-4f75-af9e-c57be817f517}</UniqueIdentifier>
    </Filter>
    <Filter Include="ソース ファイル\App">
      <UniqueIdentifier>{f24a6350-9153-4e11-84fc-043c68ffa640}</UniqueIdentifier>
    </Filter>
    <Filter Include="ヘッダー ファイル\App">
      <UniqueIdentifier>{818f4469-d30e-4efb-b25d-6b37ef5ca01d}</UniqueIdentifier>
    </Filter>
  </ItemGroup>
  <ItemGroup>
    <ClCompile Include="main.cpp">
      <Filter>ソース ファイル</Filter>
    </ClCompile>
    <ClCompile Include="Engine\Graphics\CommandContext.cpp">
      <Filter>ソース ファイル\Engine\Graphics</Filter>
    </ClCompile>
    <ClCompile Include="Engine\Graphics\DescriptorHeap.cpp">
      <Filter>ソース ファイル\Engine\Graphics</Filter>
    </ClCompile>
    <ClCompile Include="Engine\Graphics\GfxDevice.cpp">
      <Filter>ソース ファイル\Engine\Graphics</Filter>
    </ClCompile>
    <ClCompile Include="Engine\Graphics\PipelineState.cpp">
      <Filter>ソース ファイル\Engine\Graphics</Filter>
    </ClCompile>
    <ClCompile Include="Engine\Graphics\RootSignature.cpp">
      <Filter>ソース ファイル\Engine\Graphics</Filter>
    </ClCompile>
    <ClCompile Include="Engine\Core\Window.cpp">
      <Filter>ソース ファイル\Engine\Core</Filter>
    </ClCompile>
    <ClCompile Include="Engine\Resources\FrameResources.cpp">
      <Filter>ソース ファイル\Engine\Resources</Filter>
    </ClCompile>
    <ClCompile Include="Engine\Resources\Texture.cpp">
      <Filter>ソース ファイル\Engine\Resources</Filter>
    </ClCompile>
    <ClCompile Include="Engine\ThirdParty\stb_image_impl.cpp">
      <Filter>ソース ファイル\ThirdParty</Filter>
    </ClCompile>
    <ClCompile Include="Engine\Resources\Mesh.cpp">
      <Filter>ソース ファイル\Engine\Resources</Filter>
    </ClCompile>
    <ClCompile Include="App\Scene.cpp">
      <Filter>ソース ファイル\App</Filter>
    </ClCompile>
  </ItemGroup>
  <ItemGroup>
    <ClInclude Include="Engine\Graphics\CommandContext.h">
      <Filter>ヘッダー ファイル\Engine\Graphics</Filter>
    </ClInclude>
    <ClInclude Include="Engine\Graphics\DescriptorHeap.h">
      <Filter>ヘッダー ファイル\Engine\Graphics</Filter>
    </ClInclude>
    <ClInclude Include="Engine\Graphics\GfxDevice.h">
      <Filter>ヘッダー ファイル\Engine\Graphics</Filter>
    </ClInclude>
    <ClInclude Include="Engine\Graphics\PipelineState.h">
      <Filter>ヘッダー ファイル\Engine\Graphics</Filter>
    </ClInclude>
    <ClInclude Include="Engine\Graphics\RootSignature.h">
      <Filter>ヘッダー ファイル\Engine\Graphics</Filter>
    </ClInclude>
    <ClInclude Include="Engine\Core\Window.h">
      <Filter>ヘッダー ファイル\Engine\Core</Filter>
    </ClInclude>
    <ClInclude Include="Engine\Resources\FrameResources.h">
      <Filter>ヘッダー ファイル\Engine\Resources</Filter>
    </ClInclude>
    <ClInclude Include="Engine\Resources\Texture.h">
      <Filter>ヘッダー ファイル\Engine\Resources</Filter>
    </ClInclude>
    <ClInclude Include="Engine\ThirdParty\stb_image.h">
      <Filter>ヘッダー ファイル\ThirdParty</Filter>
    </ClInclude>
    <ClInclude Include="Engine\Resources\Mesh.h">
      <Filter>ヘッダー ファイル\Engine\Resources</Filter>
    </ClInclude>
    <ClInclude Include="App\Scene.h">
      <Filter>ヘッダー ファイル\App</Filter>
    </ClInclude>
  </ItemGroup>
  <ItemGroup>
    <None Include="packages.config" />
  </ItemGroup>
  <ItemGroup>
    <CustomBuild Include="Shaders\PixelShader.hlsl">
      <Filter>リソース ファイル</Filter>
    </CustomBuild>
    <CustomBuild Include="Shaders\VertexShader.hlsl">
      <Filter>リソース ファイル</Filter>
    </CustomBuild>
  </ItemGroup>
</Project>